
Microsoft Visual Studio Solution File, Format Version 12.00
# Visual Studio Version 17
VisualStudioVersion = 17.9.34622.214
MinimumVisualStudioVersion = 10.0.40219.1
Project("{FAE04EC0-301F-11D3-BF4B-00C04F79EFBC}") = "BookShop", "BookShop.csproj", "{489AD983-FEA6-472C-926B-415AC9E2BC43}"
EndProject
Global
	GlobalSection(SolutionConfigurationPlatforms) = preSolution
		Debug|Any CPU = Debug|Any CPU
		Release|Any CPU = Release|Any CPU
	EndGlobalSection
	GlobalSection(ProjectConfigurationPlatforms) = postSolution
		{489AD983-FEA6-472C-926B-415AC9E2BC43}.Debug|Any CPU.ActiveCfg = Debug|Any CPU
		{489AD983-FEA6-472C-926B-415AC9E2BC43}.Debug|Any CPU.Build.0 = Debug|Any CPU
		{489AD983-FEA6-472C-926B-415AC9E2BC43}.Release|Any CPU.ActiveCfg = Release|Any CPU
		{489AD983-FEA6-472C-926B-415AC9E2BC43}.Release|Any CPU.Build.0 = Release|Any CPU
	EndGlobalSection
	GlobalSection(SolutionProperties) = preSolution
		HideSolutionNode = FALSE
	EndGlobalSection
	GlobalSection(ExtensibilityGlobals) = postSolution
		SolutionGuid = {D391EF50-D4FE-477D-ACBC-B6964082F6D2}
	EndGlobalSection
EndGlobal
